
Microsoft Visual Studio Solution File, Format Version 12.00
# Visual Studio Version 17
VisualStudioVersion = 17.1.32210.238
MinimumVisualStudioVersion = 10.0.40219.1
Project("{9A19103F-16F7-4668-BE54-9A1E7A4F7556}") = "Teste", "Teste\Teste.csproj", "{E0055993-C215-42B1-BE6D-C70B241D0E3B}"
EndProject
Project("{FAE04EC0-301F-11D3-BF4B-00C04F79EFBC}") = "Repository", "Repository\Repository.csproj", "{C095DD3C-F836-40BE-B79B-8FAFFB467EF9}"
EndProject
Global
	GlobalSection(SolutionConfigurationPlatforms) = preSolution
		Debug|Any CPU = Debug|Any CPU
		Release|Any CPU = Release|Any CPU
	EndGlobalSection
	GlobalSection(ProjectConfigurationPlatforms) = postSolution
		{E0055993-C215-42B1-BE6D-C70B241D0E3B}.Debug|Any CPU.ActiveCfg = Debug|Any CPU
		{E0055993-C215-42B1-BE6D-C70B241D0E3B}.Debug|Any CPU.Build.0 = Debug|Any CPU
		{E0055993-C215-42B1-BE6D-C70B241D0E3B}.Release|Any CPU.ActiveCfg = Release|Any CPU
		{E0055993-C215-42B1-BE6D-C70B241D0E3B}.Release|Any CPU.Build.0 = Release|Any CPU
		{C095DD3C-F836-40BE-B79B-8FAFFB467EF9}.Debug|Any CPU.ActiveCfg = Debug|Any CPU
		{C095DD3C-F836-40BE-B79B-8FAFFB467EF9}.Debug|Any CPU.Build.0 = Debug|Any CPU
		{C095DD3C-F836-40BE-B79B-8FAFFB467EF9}.Release|Any CPU.ActiveCfg = Release|Any CPU
		{C095DD3C-F836-40BE-B79B-8FAFFB467EF9}.Release|Any CPU.Build.0 = Release|Any CPU
	EndGlobalSection
	GlobalSection(SolutionProperties) = preSolution
		HideSolutionNode = FALSE
	EndGlobalSection
	GlobalSection(ExtensibilityGlobals) = postSolution
		SolutionGuid = {006935C6-30BD-48A5-B7D2-7D2B79D93A94}
	EndGlobalSection
EndGlobal
